
Microsoft Visual Studio Solution File, Format Version 12.00
# Visual Studio 14
VisualStudioVersion = 14.0.25420.1
MinimumVisualStudioVersion = 10.0.40219.1
Project("{FAE04EC0-301F-11D3-BF4B-00C04F79EFBC}") = "WeatherStats", "WeatherStats\WeatherStats.csproj", "{3D3B640D-5468-466B-99E8-EF8D2BA0E704}"
EndProject
Project("{D954291E-2A0B-460D-934E-DC6B0785DB48}") = "WeatherStats.Model", "WeatherStats.Model\WeatherStats.Model.shproj", "{EC1C7C3C-19A3-43C7-8B1C-D89A43E0A7DB}"
EndProject
Global
	GlobalSection(SharedMSBuildProjectFiles) = preSolution
		WeatherStats.Model\WeatherStats.Model.projitems*{3d3b640d-5468-466b-99e8-ef8d2ba0e704}*SharedItemsImports = 4
		WeatherStats.Model\WeatherStats.Model.projitems*{ec1c7c3c-19a3-43c7-8b1c-d89a43e0a7db}*SharedItemsImports = 13
	EndGlobalSection
	GlobalSection(SolutionConfigurationPlatforms) = preSolution
		Debug|Any CPU = Debug|Any CPU
		Release|Any CPU = Release|Any CPU
	EndGlobalSection
	GlobalSection(ProjectConfigurationPlatforms) = postSolution
		{3D3B640D-5468-466B-99E8-EF8D2BA0E704}.Debug|Any CPU.ActiveCfg = Debug|Any CPU
		{3D3B640D-5468-466B-99E8-EF8D2BA0E704}.Debug|Any CPU.Build.0 = Debug|Any CPU
		{3D3B640D-5468-466B-99E8-EF8D2BA0E704}.Release|Any CPU.ActiveCfg = Release|Any CPU
		{3D3B640D-5468-466B-99E8-EF8D2BA0E704}.Release|Any CPU.Build.0 = Release|Any CPU
	EndGlobalSection
	GlobalSection(SolutionProperties) = preSolution
		HideSolutionNode = FALSE
	EndGlobalSection
EndGlobal
